// !$*UTF8*$!
{
	archiveVersion = 1;
	classes = {
	};
	objectVersion = 56;
	objects = {

/* Begin PBXBuildFile section */
		04612E8229FAC3CE0001C2F6 /* _706012110019_ileenetrinia_afl3_newApp.swift in Sources */ = {isa = PBXBuildFile; fileRef = 04612E8129FAC3CE0001C2F6 /* _706012110019_ileenetrinia_afl3_newApp.swift */; };
		04612E8429FAC3CE0001C2F6 /* ContentView.swift in Sources */ = {isa = PBXBuildFile; fileRef = 04612E8329FAC3CE0001C2F6 /* ContentView.swift */; };
		04612E8629FAC3D00001C2F6 /* Assets.xcassets in Resources */ = {isa = PBXBuildFile; fileRef = 04612E8529FAC3D00001C2F6 /* Assets.xcassets */; };
		04612E8929FAC3D00001C2F6 /* Preview Assets.xcassets in Resources */ = {isa = PBXBuildFile; fileRef = 04612E8829FAC3D00001C2F6 /* Preview Assets.xcassets */; };
		04612E9229FAC4400001C2F6 /* hikeData.json in Resources */ = {isa = PBXBuildFile; fileRef = 04612E9029FAC4400001C2F6 /* hikeData.json */; };
		04612E9329FAC4400001C2F6 /* landmarkData.json in Resources */ = {isa = PBXBuildFile; fileRef = 04612E9129FAC4400001C2F6 /* landmarkData.json */; };
		04612E9729FAC4930001C2F6 /* ModelData.swift in Sources */ = {isa = PBXBuildFile; fileRef = 04612E9629FAC4930001C2F6 /* ModelData.swift */; };
		04612E9929FAC4AE0001C2F6 /* Landmark.swift in Sources */ = {isa = PBXBuildFile; fileRef = 04612E9829FAC4AE0001C2F6 /* Landmark.swift */; };
		04612E9B29FAC4C40001C2F6 /* Hike.swift in Sources */ = {isa = PBXBuildFile; fileRef = 04612E9A29FAC4C40001C2F6 /* Hike.swift */; };
		04612EA029FAC51D0001C2F6 /* Profile.swift in Sources */ = {isa = PBXBuildFile; fileRef = 04612E9F29FAC51D0001C2F6 /* Profile.swift */; };
		04612EA329FAC54C0001C2F6 /* PageView.swift in Sources */ = {isa = PBXBuildFile; fileRef = 04612EA229FAC54C0001C2F6 /* PageView.swift */; };
		04612EA529FAC5610001C2F6 /* FeatureCard.swift in Sources */ = {isa = PBXBuildFile; fileRef = 04612EA429FAC5610001C2F6 /* FeatureCard.swift */; };
		04612EA729FAC58B0001C2F6 /* PageViewController.swift in Sources */ = {isa = PBXBuildFile; fileRef = 04612EA629FAC58B0001C2F6 /* PageViewController.swift */; };
		04612EA929FAC5A80001C2F6 /* PageControl.swift in Sources */ = {isa = PBXBuildFile; fileRef = 04612EA829FAC5A80001C2F6 /* PageControl.swift */; };
		04612EAC29FAC5C90001C2F6 /* ProfileHost.swift in Sources */ = {isa = PBXBuildFile; fileRef = 04612EAB29FAC5C90001C2F6 /* ProfileHost.swift */; };
		04612EAE29FAC5E50001C2F6 /* ProfileSummary.swift in Sources */ = {isa = PBXBuildFile; fileRef = 04612EAD29FAC5E50001C2F6 /* ProfileSummary.swift */; };
		04612EB029FAC5F80001C2F6 /* ProfileEditor.swift in Sources */ = {isa = PBXBuildFile; fileRef = 04612EAF29FAC5F80001C2F6 /* ProfileEditor.swift */; };
		04612EB329FAC6210001C2F6 /* CategoryHome.swift in Sources */ = {isa = PBXBuildFile; fileRef = 04612EB229FAC6200001C2F6 /* CategoryHome.swift */; };
		04612EB529FAC63C0001C2F6 /* CategoryRow.swift in Sources */ = {isa = PBXBuildFile; fileRef = 04612EB429FAC63C0001C2F6 /* CategoryRow.swift */; };
		04612EB729FAC6550001C2F6 /* CategoryItem.swift in Sources */ = {isa = PBXBuildFile; fileRef = 04612EB629FAC6550001C2F6 /* CategoryItem.swift */; };
		04612EBA29FAC6730001C2F6 /* GraphCapsule.swift in Sources */ = {isa = PBXBuildFile; fileRef = 04612EB929FAC6730001C2F6 /* GraphCapsule.swift */; };
		04612EBC29FAC6960001C2F6 /* HikeGraph.swift in Sources */ = {isa = PBXBuildFile; fileRef = 04612EBB29FAC6960001C2F6 /* HikeGraph.swift */; };
		04612EBE29FAC6AD0001C2F6 /* HikeDetail.swift in Sources */ = {isa = PBXBuildFile; fileRef = 04612EBD29FAC6AD0001C2F6 /* HikeDetail.swift */; };
		04612EC029FAC6D60001C2F6 /* HikeView.swift in Sources */ = {isa = PBXBuildFile; fileRef = 04612EBF29FAC6D60001C2F6 /* HikeView.swift */; };
		04612EC229FAC6EE0001C2F6 /* HikeBadge.swift in Sources */ = {isa = PBXBuildFile; fileRef = 04612EC129FAC6EE0001C2F6 /* HikeBadge.swift */; };
		04612EC529FAC7100001C2F6 /* HexagonParameters.swift in Sources */ = {isa = PBXBuildFile; fileRef = 04612EC429FAC7100001C2F6 /* HexagonParameters.swift */; };
		04612EC729FAC7240001C2F6 /* BadgeBackground.swift in Sources */ = {isa = PBXBuildFile; fileRef = 04612EC629FAC7240001C2F6 /* BadgeBackground.swift */; };
		04612EC929FAC7410001C2F6 /* BadgeSymbol.swift in Sources */ = {isa = PBXBuildFile; fileRef = 04612EC829FAC7410001C2F6 /* BadgeSymbol.swift */; };
		04612ECB29FAC75C0001C2F6 /* RotatedBadgeSymbol.swift in Sources */ = {isa = PBXBuildFile; fileRef = 04612ECA29FAC75C0001C2F6 /* RotatedBadgeSymbol.swift */; };
		04612ECD29FAC76E0001C2F6 /* Badge.swift in Sources */ = {isa = PBXBuildFile; fileRef = 04612ECC29FAC76E0001C2F6 /* Badge.swift */; };
		04612ED029FAC8060001C2F6 /* LandmarkDetail.swift in Sources */ = {isa = PBXBuildFile; fileRef = 04612ECF29FAC8060001C2F6 /* LandmarkDetail.swift */; };
		04612ED229FAC8190001C2F6 /* LandmarkList.swift in Sources */ = {isa = PBXBuildFile; fileRef = 04612ED129FAC8190001C2F6 /* LandmarkList.swift */; };
		04612ED429FAC8370001C2F6 /* LandmarkRow.swift in Sources */ = {isa = PBXBuildFile; fileRef = 04612ED329FAC8370001C2F6 /* LandmarkRow.swift */; };
		04612ED729FAC8520001C2F6 /* CircleImage.swift in Sources */ = {isa = PBXBuildFile; fileRef = 04612ED629FAC8520001C2F6 /* CircleImage.swift */; };
		04612ED929FAC8680001C2F6 /* FavoriteButton.swift in Sources */ = {isa = PBXBuildFile; fileRef = 04612ED829FAC8680001C2F6 /* FavoriteButton.swift */; };
		04612EDB29FAC87A0001C2F6 /* MapView.swift in Sources */ = {isa = PBXBuildFile; fileRef = 04612EDA29FAC87A0001C2F6 /* MapView.swift */; };
/* End PBXBuildFile section */

/* Begin PBXFileReference section */
		04612E7E29FAC3CE0001C2F6 /* 0706012110019-ileenetrinia-afl3-new.app */ = {isa = PBXFileReference; explicitFileType = wrapper.application; includeInIndex = 0; path = "0706012110019-ileenetrinia-afl3-new.app"; sourceTree = BUILT_PRODUCTS_DIR; };
		04612E8129FAC3CE0001C2F6 /* _706012110019_ileenetrinia_afl3_newApp.swift */ = {isa = PBXFileReference; lastKnownFileType = sourcecode.swift; path = _706012110019_ileenetrinia_afl3_newApp.swift; sourceTree = "<group>"; };
		04612E8329FAC3CE0001C2F6 /* ContentView.swift */ = {isa = PBXFileReference; lastKnownFileType = sourcecode.swift; path = ContentView.swift; sourceTree = "<group>"; };
		04612E8529FAC3D00001C2F6 /* Assets.xcassets */ = {isa = PBXFileReference; lastKnownFileType = folder.assetcatalog; path = Assets.xcassets; sourceTree = "<group>"; };
		04612E8829FAC3D00001C2F6 /* Preview Assets.xcassets */ = {isa = PBXFileReference; lastKnownFileType = folder.assetcatalog; path = "Preview Assets.xcassets"; sourceTree = "<group>"; };
		04612E9029FAC4400001C2F6 /* hikeData.json */ = {isa = PBXFileReference; fileEncoding = 4; lastKnownFileType = text.json; path = hikeData.json; sourceTree = "<group>"; };
		04612E9129FAC4400001C2F6 /* landmarkData.json */ = {isa = PBXFileReference; fileEncoding = 4; lastKnownFileType = text.json; path = landmarkData.json; sourceTree = "<group>"; };
		04612E9629FAC4930001C2F6 /* ModelData.swift */ = {isa = PBXFileReference; lastKnownFileType = sourcecode.swift; path = ModelData.swift; sourceTree = "<group>"; };
		04612E9829FAC4AE0001C2F6 /* Landmark.swift */ = {isa = PBXFileReference; lastKnownFileType = sourcecode.swift; path = Landmark.swift; sourceTree = "<group>"; };
		04612E9A29FAC4C40001C2F6 /* Hike.swift */ = {isa = PBXFileReference; lastKnownFileType = sourcecode.swift; path = Hike.swift; sourceTree = "<group>"; };
		04612E9F29FAC51D0001C2F6 /* Profile.swift */ = {isa = PBXFileReference; lastKnownFileType = sourcecode.swift; path = Profile.swift; sourceTree = "<group>"; };
		04612EA229FAC54C0001C2F6 /* PageView.swift */ = {isa = PBXFileReference; lastKnownFileType = sourcecode.swift; path = PageView.swift; sourceTree = "<group>"; };
		04612EA429FAC5610001C2F6 /* FeatureCard.swift */ = {isa = PBXFileReference; lastKnownFileType = sourcecode.swift; path = FeatureCard.swift; sourceTree = "<group>"; };
		04612EA629FAC58B0001C2F6 /* PageViewController.swift */ = {isa = PBXFileReference; lastKnownFileType = sourcecode.swift; path = PageViewController.swift; sourceTree = "<group>"; };
		04612EA829FAC5A80001C2F6 /* PageControl.swift */ = {isa = PBXFileReference; lastKnownFileType = sourcecode.swift; path = PageControl.swift; sourceTree = "<group>"; };
		04612EAB29FAC5C90001C2F6 /* ProfileHost.swift */ = {isa = PBXFileReference; lastKnownFileType = sourcecode.swift; path = ProfileHost.swift; sourceTree = "<group>"; };
		04612EAD29FAC5E50001C2F6 /* ProfileSummary.swift */ = {isa = PBXFileReference; lastKnownFileType = sourcecode.swift; path = ProfileSummary.swift; sourceTree = "<group>"; };
		04612EAF29FAC5F80001C2F6 /* ProfileEditor.swift */ = {isa = PBXFileReference; lastKnownFileType = sourcecode.swift; path = ProfileEditor.swift; sourceTree = "<group>"; };
		04612EB229FAC6200001C2F6 /* CategoryHome.swift */ = {isa = PBXFileReference; lastKnownFileType = sourcecode.swift; path = CategoryHome.swift; sourceTree = "<group>"; };
		04612EB429FAC63C0001C2F6 /* CategoryRow.swift */ = {isa = PBXFileReference; lastKnownFileType = sourcecode.swift; path = CategoryRow.swift; sourceTree = "<group>"; };
		04612EB629FAC6550001C2F6 /* CategoryItem.swift */ = {isa = PBXFileReference; lastKnownFileType = sourcecode.swift; path = CategoryItem.swift; sourceTree = "<group>"; };
		04612EB929FAC6730001C2F6 /* GraphCapsule.swift */ = {isa = PBXFileReference; lastKnownFileType = sourcecode.swift; path = GraphCapsule.swift; sourceTree = "<group>"; };
		04612EBB29FAC6960001C2F6 /* HikeGraph.swift */ = {isa = PBXFileReference; lastKnownFileType = sourcecode.swift; path = HikeGraph.swift; sourceTree = "<group>"; };
		04612EBD29FAC6AD0001C2F6 /* HikeDetail.swift */ = {isa = PBXFileReference; lastKnownFileType = sourcecode.swift; path = HikeDetail.swift; sourceTree = "<group>"; };
		04612EBF29FAC6D60001C2F6 /* HikeView.swift */ = {isa = PBXFileReference; lastKnownFileType = sourcecode.swift; path = HikeView.swift; sourceTree = "<group>"; };
		04612EC129FAC6EE0001C2F6 /* HikeBadge.swift */ = {isa = PBXFileReference; lastKnownFileType = sourcecode.swift; path = HikeBadge.swift; sourceTree = "<group>"; };
		04612EC429FAC7100001C2F6 /* HexagonParameters.swift */ = {isa = PBXFileReference; lastKnownFileType = sourcecode.swift; path = HexagonParameters.swift; sourceTree = "<group>"; };
		04612EC629FAC7240001C2F6 /* BadgeBackground.swift */ = {isa = PBXFileReference; lastKnownFileType = sourcecode.swift; path = BadgeBackground.swift; sourceTree = "<group>"; };
		04612EC829FAC7410001C2F6 /* BadgeSymbol.swift */ = {isa = PBXFileReference; lastKnownFileType = sourcecode.swift; path = BadgeSymbol.swift; sourceTree = "<group>"; };
		04612ECA29FAC75C0001C2F6 /* RotatedBadgeSymbol.swift */ = {isa = PBXFileReference; lastKnownFileType = sourcecode.swift; path = RotatedBadgeSymbol.swift; sourceTree = "<group>"; };
		04612ECC29FAC76E0001C2F6 /* Badge.swift */ = {isa = PBXFileReference; lastKnownFileType = sourcecode.swift; path = Badge.swift; sourceTree = "<group>"; };
		04612ECF29FAC8060001C2F6 /* LandmarkDetail.swift */ = {isa = PBXFileReference; lastKnownFileType = sourcecode.swift; path = LandmarkDetail.swift; sourceTree = "<group>"; };
		04612ED129FAC8190001C2F6 /* LandmarkList.swift */ = {isa = PBXFileReference; lastKnownFileType = sourcecode.swift; path = LandmarkList.swift; sourceTree = "<group>"; };
		04612ED329FAC8370001C2F6 /* LandmarkRow.swift */ = {isa = PBXFileReference; lastKnownFileType = sourcecode.swift; path = LandmarkRow.swift; sourceTree = "<group>"; };
		04612ED629FAC8520001C2F6 /* CircleImage.swift */ = {isa = PBXFileReference; lastKnownFileType = sourcecode.swift; path = CircleImage.swift; sourceTree = "<group>"; };
		04612ED829FAC8680001C2F6 /* FavoriteButton.swift */ = {isa = PBXFileReference; lastKnownFileType = sourcecode.swift; path = FavoriteButton.swift; sourceTree = "<group>"; };
		04612EDA29FAC87A0001C2F6 /* MapView.swift */ = {isa = PBXFileReference; lastKnownFileType = sourcecode.swift; path = MapView.swift; sourceTree = "<group>"; };
/* End PBXFileReference section */

/* Begin PBXFrameworksBuildPhase section */
		04612E7B29FAC3CE0001C2F6 /* Frameworks */ = {
			isa = PBXFrameworksBuildPhase;
			buildActionMask = 2147483647;
			files = (
			);
			runOnlyForDeploymentPostprocessing = 0;
		};
/* End PBXFrameworksBuildPhase section */

/* Begin PBXGroup section */
		04612E7529FAC3CE0001C2F6 = {
			isa = PBXGroup;
			children = (
				04612E8029FAC3CE0001C2F6 /* 0706012110019-ileenetrinia-afl3-new */,
				04612E7F29FAC3CE0001C2F6 /* Products */,
			);
			sourceTree = "<group>";
		};
		04612E7F29FAC3CE0001C2F6 /* Products */ = {
			isa = PBXGroup;
			children = (
				04612E7E29FAC3CE0001C2F6 /* 0706012110019-ileenetrinia-afl3-new.app */,
			);
			name = Products;
			sourceTree = "<group>";
		};
		04612E8029FAC3CE0001C2F6 /* 0706012110019-ileenetrinia-afl3-new */ = {
			isa = PBXGroup;
			children = (
				04612E8F29FAC4320001C2F6 /* Resources */,
				04612E9429FAC4500001C2F6 /* Model */,
				04612E9529FAC4600001C2F6 /* Views */,
				04612E8129FAC3CE0001C2F6 /* _706012110019_ileenetrinia_afl3_newApp.swift */,
				04612E8529FAC3D00001C2F6 /* Assets.xcassets */,
				04612E8729FAC3D00001C2F6 /* Preview Content */,
			);
			path = "0706012110019-ileenetrinia-afl3-new";
			sourceTree = "<group>";
		};
		04612E8729FAC3D00001C2F6 /* Preview Content */ = {
			isa = PBXGroup;
			children = (
				04612E8829FAC3D00001C2F6 /* Preview Assets.xcassets */,
			);
			path = "Preview Content";
			sourceTree = "<group>";
		};
		04612E8F29FAC4320001C2F6 /* Resources */ = {
			isa = PBXGroup;
			children = (
				04612E9029FAC4400001C2F6 /* hikeData.json */,
				04612E9129FAC4400001C2F6 /* landmarkData.json */,
			);
			path = Resources;
			sourceTree = "<group>";
		};
		04612E9429FAC4500001C2F6 /* Model */ = {
			isa = PBXGroup;
			children = (
				04612E9629FAC4930001C2F6 /* ModelData.swift */,
				04612E9829FAC4AE0001C2F6 /* Landmark.swift */,
				04612E9A29FAC4C40001C2F6 /* Hike.swift */,
				04612E9F29FAC51D0001C2F6 /* Profile.swift */,
			);
			path = Model;
			sourceTree = "<group>";
		};
		04612E9529FAC4600001C2F6 /* Views */ = {
			isa = PBXGroup;
			children = (
				04612ED529FAC8460001C2F6 /* Helpers */,
				04612ECE29FAC7ED0001C2F6 /* Landmarks */,
				04612EC329FAC6FF0001C2F6 /* Badges */,
				04612EB829FAC6660001C2F6 /* Hikes */,
				04612EB129FAC6110001C2F6 /* Categories */,
				04612EAA29FAC5BA0001C2F6 /* Profiles */,
				04612EA129FAC5330001C2F6 /* PageView */,
				04612E8329FAC3CE0001C2F6 /* ContentView.swift */,
			);
			path = Views;
			sourceTree = "<group>";
		};
		04612EA129FAC5330001C2F6 /* PageView */ = {
			isa = PBXGroup;
			children = (
				04612EA229FAC54C0001C2F6 /* PageView.swift */,
				04612EA429FAC5610001C2F6 /* FeatureCard.swift */,
				04612EA629FAC58B0001C2F6 /* PageViewController.swift */,
				04612EA829FAC5A80001C2F6 /* PageControl.swift */,
			);
			path = PageView;
			sourceTree = "<group>";
		};
		04612EAA29FAC5BA0001C2F6 /* Profiles */ = {
			isa = PBXGroup;
			children = (
				04612EAB29FAC5C90001C2F6 /* ProfileHost.swift */,
				04612EAD29FAC5E50001C2F6 /* ProfileSummary.swift */,
				04612EAF29FAC5F80001C2F6 /* ProfileEditor.swift */,
			);
			path = Profiles;
			sourceTree = "<group>";
		};
		04612EB129FAC6110001C2F6 /* Categories */ = {
			isa = PBXGroup;
			children = (
				04612EB229FAC6200001C2F6 /* CategoryHome.swift */,
				04612EB429FAC63C0001C2F6 /* CategoryRow.swift */,
				04612EB629FAC6550001C2F6 /* CategoryItem.swift */,
			);
			path = Categories;
			sourceTree = "<group>";
		};
		04612EB829FAC6660001C2F6 /* Hikes */ = {
			isa = PBXGroup;
			children = (
				04612EB929FAC6730001C2F6 /* GraphCapsule.swift */,
				04612EBB29FAC6960001C2F6 /* HikeGraph.swift */,
				04612EBD29FAC6AD0001C2F6 /* HikeDetail.swift */,
				04612EBF29FAC6D60001C2F6 /* HikeView.swift */,
				04612EC129FAC6EE0001C2F6 /* HikeBadge.swift */,
			);
			path = Hikes;
			sourceTree = "<group>";
		};
		04612EC329FAC6FF0001C2F6 /* Badges */ = {
			isa = PBXGroup;
			children = (
				04612EC429FAC7100001C2F6 /* HexagonParameters.swift */,
				04612EC629FAC7240001C2F6 /* BadgeBackground.swift */,
				04612EC829FAC7410001C2F6 /* BadgeSymbol.swift */,
				04612ECA29FAC75C0001C2F6 /* RotatedBadgeSymbol.swift */,
				04612ECC29FAC76E0001C2F6 /* Badge.swift */,
			);
			path = Badges;
			sourceTree = "<group>";
		};
		04612ECE29FAC7ED0001C2F6 /* Landmarks */ = {
			isa = PBXGroup;
			children = (
				04612ECF29FAC8060001C2F6 /* LandmarkDetail.swift */,
				04612ED129FAC8190001C2F6 /* LandmarkList.swift */,
				04612ED329FAC8370001C2F6 /* LandmarkRow.swift */,
			);
			path = Landmarks;
			sourceTree = "<group>";
		};
		04612ED529FAC8460001C2F6 /* Helpers */ = {
			isa = PBXGroup;
			children = (
				04612ED629FAC8520001C2F6 /* CircleImage.swift */,
				04612ED829FAC8680001C2F6 /* FavoriteButton.swift */,
				04612EDA29FAC87A0001C2F6 /* MapView.swift */,
			);
			path = Helpers;
			sourceTree = "<group>";
		};
/* End PBXGroup section */

/* Begin PBXNativeTarget section */
		04612E7D29FAC3CE0001C2F6 /* 0706012110019-ileenetrinia-afl3-new */ = {
			isa = PBXNativeTarget;
			buildConfigurationList = 04612E8C29FAC3D00001C2F6 /* Build configuration list for PBXNativeTarget "0706012110019-ileenetrinia-afl3-new" */;
			buildPhases = (
				04612E7A29FAC3CE0001C2F6 /* Sources */,
				04612E7B29FAC3CE0001C2F6 /* Frameworks */,
				04612E7C29FAC3CE0001C2F6 /* Resources */,
			);
			buildRules = (
			);
			dependencies = (
			);
			name = "0706012110019-ileenetrinia-afl3-new";
			productName = "0706012110019-ileenetrinia-afl3-new";
			productReference = 04612E7E29FAC3CE0001C2F6 /* 0706012110019-ileenetrinia-afl3-new.app */;
			productType = "com.apple.product-type.application";
		};
/* End PBXNativeTarget section */

/* Begin PBXProject section */
		04612E7629FAC3CE0001C2F6 /* Project object */ = {
			isa = PBXProject;
			attributes = {
				BuildIndependentTargetsInParallel = 1;
				LastSwiftUpdateCheck = 1420;
				LastUpgradeCheck = 1420;
				TargetAttributes = {
					04612E7D29FAC3CE0001C2F6 = {
						CreatedOnToolsVersion = 14.2;
					};
				};
			};
			buildConfigurationList = 04612E7929FAC3CE0001C2F6 /* Build configuration list for PBXProject "0706012110019-ileenetrinia-afl3-new" */;
			compatibilityVersion = "Xcode 14.0";
			developmentRegion = en;
			hasScannedForEncodings = 0;
			knownRegions = (
				en,
				Base,
			);
			mainGroup = 04612E7529FAC3CE0001C2F6;
			productRefGroup = 04612E7F29FAC3CE0001C2F6 /* Products */;
			projectDirPath = "";
			projectRoot = "";
			targets = (
				04612E7D29FAC3CE0001C2F6 /* 0706012110019-ileenetrinia-afl3-new */,
			);
		};
/* End PBXProject section */

/* Begin PBXResourcesBuildPhase section */
		04612E7C29FAC3CE0001C2F6 /* Resources */ = {
			isa = PBXResourcesBuildPhase;
			buildActionMask = 2147483647;
			files = (
				04612E8929FAC3D00001C2F6 /* Preview Assets.xcassets in Resources */,
				04612E9329FAC4400001C2F6 /* landmarkData.json in Resources */,
				04612E9229FAC4400001C2F6 /* hikeData.json in Resources */,
				04612E8629FAC3D00001C2F6 /* Assets.xcassets in Resources */,
			);
			runOnlyForDeploymentPostprocessing = 0;
		};
/* End PBXResourcesBuildPhase section */

/* Begin PBXSourcesBuildPhase section */
		04612E7A29FAC3CE0001C2F6 /* Sources */ = {
			isa = PBXSourcesBuildPhase;
			buildActionMask = 2147483647;
			files = (
				04612EA929FAC5A80001C2F6 /* PageControl.swift in Sources */,
				04612EDB29FAC87A0001C2F6 /* MapView.swift in Sources */,
				04612EBC29FAC6960001C2F6 /* HikeGraph.swift in Sources */,
				04612E9B29FAC4C40001C2F6 /* Hike.swift in Sources */,
				04612ED229FAC8190001C2F6 /* LandmarkList.swift in Sources */,
				04612EAE29FAC5E50001C2F6 /* ProfileSummary.swift in Sources */,
				04612EC529FAC7100001C2F6 /* HexagonParameters.swift in Sources */,
				04612EC929FAC7410001C2F6 /* BadgeSymbol.swift in Sources */,
				04612EBA29FAC6730001C2F6 /* GraphCapsule.swift in Sources */,
				04612EA029FAC51D0001C2F6 /* Profile.swift in Sources */,
				04612EB029FAC5F80001C2F6 /* ProfileEditor.swift in Sources */,
				04612ED429FAC8370001C2F6 /* LandmarkRow.swift in Sources */,
				04612EBE29FAC6AD0001C2F6 /* HikeDetail.swift in Sources */,
				04612EA529FAC5610001C2F6 /* FeatureCard.swift in Sources */,
				04612ECD29FAC76E0001C2F6 /* Badge.swift in Sources */,
				04612E8429FAC3CE0001C2F6 /* ContentView.swift in Sources */,
				04612ED029FAC8060001C2F6 /* LandmarkDetail.swift in Sources */,
				04612EB529FAC63C0001C2F6 /* CategoryRow.swift in Sources */,
				04612E8229FAC3CE0001C2F6 /* _706012110019_ileenetrinia_afl3_newApp.swift in Sources */,
				04612EB329FAC6210001C2F6 /* CategoryHome.swift in Sources */,
				04612EC229FAC6EE0001C2F6 /* HikeBadge.swift in Sources */,
				04612EC029FAC6D60001C2F6 /* HikeView.swift in Sources */,
				04612EB729FAC6550001C2F6 /* CategoryItem.swift in Sources */,
				04612EC729FAC7240001C2F6 /* BadgeBackground.swift in Sources */,
				04612E9729FAC4930001C2F6 /* ModelData.swift in Sources */,
				04612EA729FAC58B0001C2F6 /* PageViewController.swift in Sources */,
				04612E9929FAC4AE0001C2F6 /* Landmark.swift in Sources */,
				04612EA329FAC54C0001C2F6 /* PageView.swift in Sources */,
				04612ECB29FAC75C0001C2F6 /* RotatedBadgeSymbol.swift in Sources */,
				04612ED929FAC8680001C2F6 /* FavoriteButton.swift in Sources */,
				04612EAC29FAC5C90001C2F6 /* ProfileHost.swift in Sources */,
				04612ED729FAC8520001C2F6 /* CircleImage.swift in Sources */,
			);
			runOnlyForDeploymentPostprocessing = 0;
		};
/* End PBXSourcesBuildPhase section */

/* Begin XCBuildConfiguration section */
		04612E8A29FAC3D00001C2F6 /* Debug */ = {
			isa = XCBuildConfiguration;
			buildSettings = {
				ALWAYS_SEARCH_USER_PATHS = NO;
				CLANG_ANALYZER_NONNULL = YES;
				CLANG_ANALYZER_NUMBER_OBJECT_CONVERSION = YES_AGGRESSIVE;
				CLANG_CXX_LANGUAGE_STANDARD = "gnu++20";
				CLANG_ENABLE_MODULES = YES;
				CLANG_ENABLE_OBJC_ARC = YES;
				CLANG_ENABLE_OBJC_WEAK = YES;
				CLANG_WARN_BLOCK_CAPTURE_AUTORELEASING = YES;
				CLANG_WARN_BOOL_CONVERSION = YES;
				CLANG_WARN_COMMA = YES;
				CLANG_WARN_CONSTANT_CONVERSION = YES;
				CLANG_WARN_DEPRECATED_OBJC_IMPLEMENTATIONS = YES;
				CLANG_WARN_DIRECT_OBJC_ISA_USAGE = YES_ERROR;
				CLANG_WARN_DOCUMENTATION_COMMENTS = YES;
				CLANG_WARN_EMPTY_BODY = YES;
				CLANG_WARN_ENUM_CONVERSION = YES;
				CLANG_WARN_INFINITE_RECURSION = YES;
				CLANG_WARN_INT_CONVERSION = YES;
				CLANG_WARN_NON_LITERAL_NULL_CONVERSION = YES;
				CLANG_WARN_OBJC_IMPLICIT_RETAIN_SELF = YES;
				CLANG_WARN_OBJC_LITERAL_CONVERSION = YES;
				CLANG_WARN_OBJC_ROOT_CLASS = YES_ERROR;
				CLANG_WARN_QUOTED_INCLUDE_IN_FRAMEWORK_HEADER = YES;
				CLANG_WARN_RANGE_LOOP_ANALYSIS = YES;
				CLANG_WARN_STRICT_PROTOTYPES = YES;
				CLANG_WARN_SUSPICIOUS_MOVE = YES;
				CLANG_WARN_UNGUARDED_AVAILABILITY = YES_AGGRESSIVE;
				CLANG_WARN_UNREACHABLE_CODE = YES;
				CLANG_WARN__DUPLICATE_METHOD_MATCH = YES;
				COPY_PHASE_STRIP = NO;
				DEBUG_INFORMATION_FORMAT = dwarf;
				ENABLE_STRICT_OBJC_MSGSEND = YES;
				ENABLE_TESTABILITY = YES;
				GCC_C_LANGUAGE_STANDARD = gnu11;
				GCC_DYNAMIC_NO_PIC = NO;
				GCC_NO_COMMON_BLOCKS = YES;
				GCC_OPTIMIZATION_LEVEL = 0;
				GCC_PREPROCESSOR_DEFINITIONS = (
					"DEBUG=1",
					"$(inherited)",
				);
				GCC_WARN_64_TO_32_BIT_CONVERSION = YES;
				GCC_WARN_ABOUT_RETURN_TYPE = YES_ERROR;
				GCC_WARN_UNDECLARED_SELECTOR = YES;
				GCC_WARN_UNINITIALIZED_AUTOS = YES_AGGRESSIVE;
				GCC_WARN_UNUSED_FUNCTION = YES;
				GCC_WARN_UNUSED_VARIABLE = YES;
				IPHONEOS_DEPLOYMENT_TARGET = 16.2;
				MTL_ENABLE_DEBUG_INFO = INCLUDE_SOURCE;
				MTL_FAST_MATH = YES;
				ONLY_ACTIVE_ARCH = YES;
				SDKROOT = iphoneos;
				SWIFT_ACTIVE_COMPILATION_CONDITIONS = DEBUG;
				SWIFT_OPTIMIZATION_LEVEL = "-Onone";
			};
			name = Debug;
		};
		04612E8B29FAC3D00001C2F6 /* Release */ = {
			isa = XCBuildConfiguration;
			buildSettings = {
				ALWAYS_SEARCH_USER_PATHS = NO;
				CLANG_ANALYZER_NONNULL = YES;
				CLANG_ANALYZER_NUMBER_OBJECT_CONVERSION = YES_AGGRESSIVE;
				CLANG_CXX_LANGUAGE_STANDARD = "gnu++20";
				CLANG_ENABLE_MODULES = YES;
				CLANG_ENABLE_OBJC_ARC = YES;
				CLANG_ENABLE_OBJC_WEAK = YES;
				CLANG_WARN_BLOCK_CAPTURE_AUTORELEASING = YES;
				CLANG_WARN_BOOL_CONVERSION = YES;
				CLANG_WARN_COMMA = YES;
				CLANG_WARN_CONSTANT_CONVERSION = YES;
				CLANG_WARN_DEPRECATED_OBJC_IMPLEMENTATIONS = YES;
				CLANG_WARN_DIRECT_OBJC_ISA_USAGE = YES_ERROR;
				CLANG_WARN_DOCUMENTATION_COMMENTS = YES;
				CLANG_WARN_EMPTY_BODY = YES;
				CLANG_WARN_ENUM_CONVERSION = YES;
				CLANG_WARN_INFINITE_RECURSION = YES;
				CLANG_WARN_INT_CONVERSION = YES;
				CLANG_WARN_NON_LITERAL_NULL_CONVERSION = YES;
				CLANG_WARN_OBJC_IMPLICIT_RETAIN_SELF = YES;
				CLANG_WARN_OBJC_LITERAL_CONVERSION = YES;
				CLANG_WARN_OBJC_ROOT_CLASS = YES_ERROR;
				CLANG_WARN_QUOTED_INCLUDE_IN_FRAMEWORK_HEADER = YES;
				CLANG_WARN_RANGE_LOOP_ANALYSIS = YES;
				CLANG_WARN_STRICT_PROTOTYPES = YES;
				CLANG_WARN_SUSPICIOUS_MOVE = YES;
				CLANG_WARN_UNGUARDED_AVAILABILITY = YES_AGGRESSIVE;
				CLANG_WARN_UNREACHABLE_CODE = YES;
				CLANG_WARN__DUPLICATE_METHOD_MATCH = YES;
				COPY_PHASE_STRIP = NO;
				DEBUG_INFORMATION_FORMAT = "dwarf-with-dsym";
				ENABLE_NS_ASSERTIONS = NO;
				ENABLE_STRICT_OBJC_MSGSEND = YES;
				GCC_C_LANGUAGE_STANDARD = gnu11;
				GCC_NO_COMMON_BLOCKS = YES;
				GCC_WARN_64_TO_32_BIT_CONVERSION = YES;
				GCC_WARN_ABOUT_RETURN_TYPE = YES_ERROR;
				GCC_WARN_UNDECLARED_SELECTOR = YES;
				GCC_WARN_UNINITIALIZED_AUTOS = YES_AGGRESSIVE;
				GCC_WARN_UNUSED_FUNCTION = YES;
				GCC_WARN_UNUSED_VARIABLE = YES;
				IPHONEOS_DEPLOYMENT_TARGET = 16.2;
				MTL_ENABLE_DEBUG_INFO = NO;
				MTL_FAST_MATH = YES;
				SDKROOT = iphoneos;
				SWIFT_COMPILATION_MODE = wholemodule;
				SWIFT_OPTIMIZATION_LEVEL = "-O";
				VALIDATE_PRODUCT = YES;
			};
			name = Release;
		};
		04612E8D29FAC3D00001C2F6 /* Debug */ = {
			isa = XCBuildConfiguration;
			buildSettings = {
				ASSETCATALOG_COMPILER_APPICON_NAME = AppIcon;
				ASSETCATALOG_COMPILER_GLOBAL_ACCENT_COLOR_NAME = AccentColor;
				CODE_SIGN_STYLE = Automatic;
				CURRENT_PROJECT_VERSION = 1;
				DEVELOPMENT_ASSET_PATHS = "\"0706012110019-ileenetrinia-afl3-new/Preview Content\"";
				DEVELOPMENT_TEAM = 6UXUMJD7JK;
				ENABLE_PREVIEWS = YES;
				GENERATE_INFOPLIST_FILE = YES;
				INFOPLIST_KEY_UIApplicationSceneManifest_Generation = YES;
				INFOPLIST_KEY_UIApplicationSupportsIndirectInputEvents = YES;
				INFOPLIST_KEY_UILaunchScreen_Generation = YES;
				INFOPLIST_KEY_UISupportedInterfaceOrientations_iPad = "UIInterfaceOrientationPortrait UIInterfaceOrientationPortraitUpsideDown UIInterfaceOrientationLandscapeLeft UIInterfaceOrientationLandscapeRight";
				INFOPLIST_KEY_UISupportedInterfaceOrientations_iPhone = "UIInterfaceOrientationPortrait UIInterfaceOrientationLandscapeLeft UIInterfaceOrientationLandscapeRight";
				LD_RUNPATH_SEARCH_PATHS = (
					"$(inherited)",
					"@executable_path/Frameworks",
				);
				MARKETING_VERSION = 1.0;
				PRODUCT_BUNDLE_IDENTIFIER = "il.-706012110019-ileenetrinia-afl3-new";
				PRODUCT_NAME = "$(TARGET_NAME)";
				SWIFT_EMIT_LOC_STRINGS = YES;
				SWIFT_VERSION = 5.0;
				TARGETED_DEVICE_FAMILY = "1,2";
			};
			name = Debug;
		};
		04612E8E29FAC3D00001C2F6 /* Release */ = {
			isa = XCBuildConfiguration;
			buildSettings = {
				ASSETCATALOG_COMPILER_APPICON_NAME = AppIcon;
				ASSETCATALOG_COMPILER_GLOBAL_ACCENT_COLOR_NAME = AccentColor;
				CODE_SIGN_STYLE = Automatic;
				CURRENT_PROJECT_VERSION = 1;
				DEVELOPMENT_ASSET_PATHS = "\"0706012110019-ileenetrinia-afl3-new/Preview Content\"";
				DEVELOPMENT_TEAM = 6UXUMJD7JK;
				ENABLE_PREVIEWS = YES;
				GENERATE_INFOPLIST_FILE = YES;
				INFOPLIST_KEY_UIApplicationSceneManifest_Generation = YES;
				INFOPLIST_KEY_UIApplicationSupportsIndirectInputEvents = YES;
				INFOPLIST_KEY_UILaunchScreen_Generation = YES;
				INFOPLIST_KEY_UISupportedInterfaceOrientations_iPad = "UIInterfaceOrientationPortrait UIInterfaceOrientationPortraitUpsideDown UIInterfaceOrientationLandscapeLeft UIInterfaceOrientationLandscapeRight";
				INFOPLIST_KEY_UISupportedInterfaceOrientations_iPhone = "UIInterfaceOrientationPortrait UIInterfaceOrientationLandscapeLeft UIInterfaceOrientationLandscapeRight";
				LD_RUNPATH_SEARCH_PATHS = (
					"$(inherited)",
					"@executable_path/Frameworks",
				);
				MARKETING_VERSION = 1.0;
				PRODUCT_BUNDLE_IDENTIFIER = "il.-706012110019-ileenetrinia-afl3-new";
				PRODUCT_NAME = "$(TARGET_NAME)";
				SWIFT_EMIT_LOC_STRINGS = YES;
				SWIFT_VERSION = 5.0;
				TARGETED_DEVICE_FAMILY = "1,2";
			};
			name = Release;
		};
/* End XCBuildConfiguration section */

/* Begin XCConfigurationList section */
		04612E7929FAC3CE0001C2F6 /* Build configuration list for PBXProject "0706012110019-ileenetrinia-afl3-new" */ = {
			isa = XCConfigurationList;
			buildConfigurations = (
				04612E8A29FAC3D00001C2F6 /* Debug */,
				04612E8B29FAC3D00001C2F6 /* Release */,
			);
			defaultConfigurationIsVisible = 0;
			defaultConfigurationName = Release;
		};
		04612E8C29FAC3D00001C2F6 /* Build configuration list for PBXNativeTarget "0706012110019-ileenetrinia-afl3-new" */ = {
			isa = XCConfigurationList;
			buildConfigurations = (
				04612E8D29FAC3D00001C2F6 /* Debug */,
				04612E8E29FAC3D00001C2F6 /* Release */,
			);
			defaultConfigurationIsVisible = 0;
			defaultConfigurationName = Release;
		};
/* End XCConfigurationList section */
	};
	rootObject = 04612E7629FAC3CE0001C2F6 /* Project object */;
}
